// !$*UTF8*$!
{
	archiveVersion = 1;
	classes = {
	};
	objectVersion = 48;
	objects = {

/* Begin PBXBuildFile section */
		D01AD86A1FE68E7A00A33E5A /* AppDelegate.swift in Sources */ = {isa = PBXBuildFile; fileRef = D01AD8691FE68E7A00A33E5A /* AppDelegate.swift */; };
		D01AD86C1FE68E7A00A33E5A /* ViewController.swift in Sources */ = {isa = PBXBuildFile; fileRef = D01AD86B1FE68E7A00A33E5A /* ViewController.swift */; };
		D01AD86F1FE68E7A00A33E5A /* Main.storyboard in Resources */ = {isa = PBXBuildFile; fileRef = D01AD86D1FE68E7A00A33E5A /* Main.storyboard */; };
		D01AD8711FE68E7A00A33E5A /* Assets.xcassets in Resources */ = {isa = PBXBuildFile; fileRef = D01AD8701FE68E7A00A33E5A /* Assets.xcassets */; };
		D01AD8741FE68E7A00A33E5A /* LaunchScreen.storyboard in Resources */ = {isa = PBXBuildFile; fileRef = D01AD8721FE68E7A00A33E5A /* LaunchScreen.storyboard */; };
		D046FE231FE68F4D008913D3 /* CustomTableViewCell.swift in Sources */ = {isa = PBXBuildFile; fileRef = D046FE221FE68F4D008913D3 /* CustomTableViewCell.swift */; };
/* End PBXBuildFile section */

/* Begin PBXFileReference section */
		D01AD8661FE68E7A00A33E5A /* TableViewCellWithTappableLabelExample.app */ = {isa = PBXFileReference; explicitFileType = wrapper.application; includeInIndex = 0; path = TableViewCellWithTappableLabelExample.app; sourceTree = BUILT_PRODUCTS_DIR; };
		D01AD8691FE68E7A00A33E5A /* AppDelegate.swift */ = {isa = PBXFileReference; lastKnownFileType = sourcecode.swift; path = AppDelegate.swift; sourceTree = "<group>"; };
		D01AD86B1FE68E7A00A33E5A /* ViewController.swift */ = {isa = PBXFileReference; lastKnownFileType = sourcecode.swift; path = ViewController.swift; sourceTree = "<group>"; };
		D01AD86E1FE68E7A00A33E5A /* Base */ = {isa = PBXFileReference; lastKnownFileType = file.storyboard; name = Base; path = Base.lproj/Main.storyboard; sourceTree = "<group>"; };
		D01AD8701FE68E7A00A33E5A /* Assets.xcassets */ = {isa = PBXFileReference; lastKnownFileType = folder.assetcatalog; path = Assets.xcassets; sourceTree = "<group>"; };
		D01AD8731FE68E7A00A33E5A /* Base */ = {isa = PBXFileReference; lastKnownFileType = file.storyboard; name = Base; path = Base.lproj/LaunchScreen.storyboard; sourceTree = "<group>"; };
		D01AD8751FE68E7A00A33E5A /* Info.plist */ = {isa = PBXFileReference; lastKnownFileType = text.plist.xml; path = Info.plist; sourceTree = "<group>"; };
		D046FE221FE68F4D008913D3 /* CustomTableViewCell.swift */ = {isa = PBXFileReference; lastKnownFileType = sourcecode.swift; path = CustomTableViewCell.swift; sourceTree = "<group>"; };
/* End PBXFileReference section */

/* Begin PBXFrameworksBuildPhase section */
		D01AD8631FE68E7A00A33E5A /* Frameworks */ = {
			isa = PBXFrameworksBuildPhase;
			buildActionMask = 2147483647;
			files = (
			);
			runOnlyForDeploymentPostprocessing = 0;
		};
/* End PBXFrameworksBuildPhase section */

/* Begin PBXGroup section */
		D01AD85D1FE68E7A00A33E5A = {
			isa = PBXGroup;
			children = (
				D01AD8681FE68E7A00A33E5A /* TableViewCellWithTappableLabelExample */,
				D01AD8671FE68E7A00A33E5A /* Products */,
			);
			sourceTree = "<group>";
		};
		D01AD8671FE68E7A00A33E5A /* Products */ = {
			isa = PBXGroup;
			children = (
				D01AD8661FE68E7A00A33E5A /* TableViewCellWithTappableLabelExample.app */,
			);
			name = Products;
			sourceTree = "<group>";
		};
		D01AD8681FE68E7A00A33E5A /* TableViewCellWithTappableLabelExample */ = {
			isa = PBXGroup;
			children = (
				D01AD8691FE68E7A00A33E5A /* AppDelegate.swift */,
				D01AD86B1FE68E7A00A33E5A /* ViewController.swift */,
				D046FE221FE68F4D008913D3 /* CustomTableViewCell.swift */,
				D01AD86D1FE68E7A00A33E5A /* Main.storyboard */,
				D01AD8701FE68E7A00A33E5A /* Assets.xcassets */,
				D01AD8721FE68E7A00A33E5A /* LaunchScreen.storyboard */,
				D01AD8751FE68E7A00A33E5A /* Info.plist */,
			);
			path = TableViewCellWithTappableLabelExample;
			sourceTree = "<group>";
		};
/* End PBXGroup section */

/* Begin PBXNativeTarget section */
		D01AD8651FE68E7A00A33E5A /* TableViewCellWithTappableLabelExample */ = {
			isa = PBXNativeTarget;
			buildConfigurationList = D01AD8781FE68E7A00A33E5A /* Build configuration list for PBXNativeTarget "TableViewCellWithTappableLabelExample" */;
			buildPhases = (
				D01AD8621FE68E7A00A33E5A /* Sources */,
				D01AD8631FE68E7A00A33E5A /* Frameworks */,
				D01AD8641FE68E7A00A33E5A /* Resources */,
			);
			buildRules = (
			);
			dependencies = (
			);
			name = TableViewCellWithTappableLabelExample;
			productName = TableViewCellWithTappableLabelExample;
			productReference = D01AD8661FE68E7A00A33E5A /* TableViewCellWithTappableLabelExample.app */;
			productType = "com.apple.product-type.application";
		};
/* End PBXNativeTarget section */

/* Begin PBXProject section */
		D01AD85E1FE68E7A00A33E5A /* Project object */ = {
			isa = PBXProject;
			attributes = {
				LastSwiftUpdateCheck = 0900;
				LastUpgradeCheck = 0900;
				ORGANIZATIONNAME = "Tomasz Pietrowski";
				TargetAttributes = {
					D01AD8651FE68E7A00A33E5A = {
						CreatedOnToolsVersion = 9.0.1;
						ProvisioningStyle = Automatic;
					};
				};
			};
			buildConfigurationList = D01AD8611FE68E7A00A33E5A /* Build configuration list for PBXProject "TableViewCellWithTappableLabelExample" */;
			compatibilityVersion = "Xcode 8.0";
			developmentRegion = en;
			hasScannedForEncodings = 0;
			knownRegions = (
				en,
				Base,
			);
			mainGroup = D01AD85D1FE68E7A00A33E5A;
			productRefGroup = D01AD8671FE68E7A00A33E5A /* Products */;
			projectDirPath = "";
			projectRoot = "";
			targets = (
				D01AD8651FE68E7A00A33E5A /* TableViewCellWithTappableLabelExample */,
			);
		};
/* End PBXProject section */

/* Begin PBXResourcesBuildPhase section */
		D01AD8641FE68E7A00A33E5A /* Resources */ = {
			isa = PBXResourcesBuildPhase;
			buildActionMask = 2147483647;
			files = (
				D01AD8741FE68E7A00A33E5A /* LaunchScreen.storyboard in Resources */,
				D01AD8711FE68E7A00A33E5A /* Assets.xcassets in Resources */,
				D01AD86F1FE68E7A00A33E5A /* Main.storyboard in Resources */,
			);
			runOnlyForDeploymentPostprocessing = 0;
		};
/* End PBXResourcesBuildPhase section */

/* Begin PBXSourcesBuildPhase section */
		D01AD8621FE68E7A00A33E5A /* Sources */ = {
			isa = PBXSourcesBuildPhase;
			buildActionMask = 2147483647;
			files = (
				D046FE231FE68F4D008913D3 /* CustomTableViewCell.swift in Sources */,
				D01AD86C1FE68E7A00A33E5A /* ViewController.swift in Sources */,
				D01AD86A1FE68E7A00A33E5A /* AppDelegate.swift in Sources */,
			);
			runOnlyForDeploymentPostprocessing = 0;
		};
/* End PBXSourcesBuildPhase section */

/* Begin PBXVariantGroup section */
		D01AD86D1FE68E7A00A33E5A /* Main.storyboard */ = {
			isa = PBXVariantGroup;
			children = (
				D01AD86E1FE68E7A00A33E5A /* Base */,
			);
			name = Main.storyboard;
			sourceTree = "<group>";
		};
		D01AD8721FE68E7A00A33E5A /* LaunchScreen.storyboard */ = {
			isa = PBXVariantGroup;
			children = (
				D01AD8731FE68E7A00A33E5A /* Base */,
			);
			name = LaunchScreen.storyboard;
			sourceTree = "<group>";
		};
/* End PBXVariantGroup section */

/* Begin XCBuildConfiguration section */
		D01AD8761FE68E7A00A33E5A /* Debug */ = {
			isa = XCBuildConfiguration;
			buildSettings = {
				ALWAYS_SEARCH_USER_PATHS = NO;
				CLANG_ANALYZER_NONNULL = YES;
				CLANG_ANALYZER_NUMBER_OBJECT_CONVERSION = YES_AGGRESSIVE;
				CLANG_CXX_LANGUAGE_STANDARD = "gnu++14";
				CLANG_CXX_LIBRARY = "libc++";
				CLANG_ENABLE_MODULES = YES;
				CLANG_ENABLE_OBJC_ARC = YES;
				CLANG_WARN_BLOCK_CAPTURE_AUTORELEASING = YES;
				CLANG_WARN_BOOL_CONVERSION = YES;
				CLANG_WARN_COMMA = YES;
				CLANG_WARN_CONSTANT_CONVERSION = YES;
				CLANG_WARN_DIRECT_OBJC_ISA_USAGE = YES_ERROR;
				CLANG_WARN_DOCUMENTATION_COMMENTS = YES;
				CLANG_WARN_EMPTY_BODY = YES;
				CLANG_WARN_ENUM_CONVERSION = YES;
				CLANG_WARN_INFINITE_RECURSION = YES;
				CLANG_WARN_INT_CONVERSION = YES;
				CLANG_WARN_NON_LITERAL_NULL_CONVERSION = YES;
				CLANG_WARN_OBJC_LITERAL_CONVERSION = YES;
				CLANG_WARN_OBJC_ROOT_CLASS = YES_ERROR;
				CLANG_WARN_RANGE_LOOP_ANALYSIS = YES;
				CLANG_WARN_STRICT_PROTOTYPES = YES;
				CLANG_WARN_SUSPICIOUS_MOVE = YES;
				CLANG_WARN_UNGUARDED_AVAILABILITY = YES_AGGRESSIVE;
				CLANG_WARN_UNREACHABLE_CODE = YES;
				CLANG_WARN__DUPLICATE_METHOD_MATCH = YES;
				CODE_SIGN_IDENTITY = "iPhone Developer";
				COPY_PHASE_STRIP = NO;
				DEBUG_INFORMATION_FORMAT = dwarf;
				ENABLE_STRICT_OBJC_MSGSEND = YES;
				ENABLE_TESTABILITY = YES;
				GCC_C_LANGUAGE_STANDARD = gnu11;
				GCC_DYNAMIC_NO_PIC = NO;
				GCC_NO_COMMON_BLOCKS = YES;
				GCC_OPTIMIZATION_LEVEL = 0;
				GCC_PREPROCESSOR_DEFINITIONS = (
					"DEBUG=1",
					"$(inherited)",
				);
				GCC_WARN_64_TO_32_BIT_CONVERSION = YES;
				GCC_WARN_ABOUT_RETURN_TYPE = YES_ERROR;
				GCC_WARN_UNDECLARED_SELECTOR = YES;
				GCC_WARN_UNINITIALIZED_AUTOS = YES_AGGRESSIVE;
				GCC_WARN_UNUSED_FUNCTION = YES;
				GCC_WARN_UNUSED_VARIABLE = YES;
				IPHONEOS_DEPLOYMENT_TARGET = 11.0;
				MTL_ENABLE_DEBUG_INFO = YES;
				ONLY_ACTIVE_ARCH = YES;
				SDKROOT = iphoneos;
				SWIFT_ACTIVE_COMPILATION_CONDITIONS = DEBUG;
				SWIFT_OPTIMIZATION_LEVEL = "-Onone";
			};
			name = Debug;
		};
		D01AD8771FE68E7A00A33E5A /* Release */ = {
			isa = XCBuildConfiguration;
			buildSettings = {
				ALWAYS_SEARCH_USER_PATHS = NO;
				CLANG_ANALYZER_NONNULL = YES;
				CLANG_ANALYZER_NUMBER_OBJECT_CONVERSION = YES_AGGRESSIVE;
				CLANG_CXX_LANGUAGE_STANDARD = "gnu++14";
				CLANG_CXX_LIBRARY = "libc++";
				CLANG_ENABLE_MODULES = YES;
				CLANG_ENABLE_OBJC_ARC = YES;
				CLANG_WARN_BLOCK_CAPTURE_AUTORELEASING = YES;
				CLANG_WARN_BOOL_CONVERSION = YES;
				CLANG_WARN_COMMA = YES;
				CLANG_WARN_CONSTANT_CONVERSION = YES;
				CLANG_WARN_DIRECT_OBJC_ISA_USAGE = YES_ERROR;
				CLANG_WARN_DOCUMENTATION_COMMENTS = YES;
				CLANG_WARN_EMPTY_BODY = YES;
				CLANG_WARN_ENUM_CONVERSION = YES;
				CLANG_WARN_INFINITE_RECURSION = YES;
				CLANG_WARN_INT_CONVERSION = YES;
				CLANG_WARN_NON_LITERAL_NULL_CONVERSION = YES;
				CLANG_WARN_OBJC_LITERAL_CONVERSION = YES;
				CLANG_WARN_OBJC_ROOT_CLASS = YES_ERROR;
				CLANG_WARN_RANGE_LOOP_ANALYSIS = YES;
				CLANG_WARN_STRICT_PROTOTYPES = YES;
				CLANG_WARN_SUSPICIOUS_MOVE = YES;
				CLANG_WARN_UNGUARDED_AVAILABILITY = YES_AGGRESSIVE;
				CLANG_WARN_UNREACHABLE_CODE = YES;
				CLANG_WARN__DUPLICATE_METHOD_MATCH = YES;
				CODE_SIGN_IDENTITY = "iPhone Developer";
				COPY_PHASE_STRIP = NO;
				DEBUG_INFORMATION_FORMAT = "dwarf-with-dsym";
				ENABLE_NS_ASSERTIONS = NO;
				ENABLE_STRICT_OBJC_MSGSEND = YES;
				GCC_C_LANGUAGE_STANDARD = gnu11;
				GCC_NO_COMMON_BLOCKS = YES;
				GCC_WARN_64_TO_32_BIT_CONVERSION = YES;
				GCC_WARN_ABOUT_RETURN_TYPE = YES_ERROR;
				GCC_WARN_UNDECLARED_SELECTOR = YES;
				GCC_WARN_UNINITIALIZED_AUTOS = YES_AGGRESSIVE;
				GCC_WARN_UNUSED_FUNCTION = YES;
				GCC_WARN_UNUSED_VARIABLE = YES;
				IPHONEOS_DEPLOYMENT_TARGET = 11.0;
				MTL_ENABLE_DEBUG_INFO = NO;
				SDKROOT = iphoneos;
				SWIFT_OPTIMIZATION_LEVEL = "-Owholemodule";
				VALIDATE_PRODUCT = YES;
			};
			name = Release;
		};
		D01AD8791FE68E7A00A33E5A /* Debug */ = {
			isa = XCBuildConfiguration;
			buildSettings = {
				ASSETCATALOG_COMPILER_APPICON_NAME = AppIcon;
				CODE_SIGN_STYLE = Automatic;
				DEVELOPMENT_TEAM = DW68RJ6YXD;
				INFOPLIST_FILE = TableViewCellWithTappableLabelExample/Info.plist;
				LD_RUNPATH_SEARCH_PATHS = "$(inherited) @executable_path/Frameworks";
				PRODUCT_BUNDLE_IDENTIFIER = Tomasz.Pietrowski.TableViewCellWithTappableLabelExample;
				PRODUCT_NAME = "$(TARGET_NAME)";
				SWIFT_VERSION = 4.0;
				TARGETED_DEVICE_FAMILY = "1,2";
			};
			name = Debug;
		};
		D01AD87A1FE68E7A00A33E5A /* Release */ = {
			isa = XCBuildConfiguration;
			buildSettings = {
				ASSETCATALOG_COMPILER_APPICON_NAME = AppIcon;
				CODE_SIGN_STYLE = Automatic;
				DEVELOPMENT_TEAM = DW68RJ6YXD;
				INFOPLIST_FILE = TableViewCellWithTappableLabelExample/Info.plist;
				LD_RUNPATH_SEARCH_PATHS = "$(inherited) @executable_path/Frameworks";
				PRODUCT_BUNDLE_IDENTIFIER = Tomasz.Pietrowski.TableViewCellWithTappableLabelExample;
				PRODUCT_NAME = "$(TARGET_NAME)";
				SWIFT_VERSION = 4.0;
				TARGETED_DEVICE_FAMILY = "1,2";
			};
			name = Release;
		};
/* End XCBuildConfiguration section */

/* Begin XCConfigurationList section */
		D01AD8611FE68E7A00A33E5A /* Build configuration list for PBXProject "TableViewCellWithTappableLabelExample" */ = {
			isa = XCConfigurationList;
			buildConfigurations = (
				D01AD8761FE68E7A00A33E5A /* Debug */,
				D01AD8771FE68E7A00A33E5A /* Release */,
			);
			defaultConfigurationIsVisible = 0;
			defaultConfigurationName = Release;
		};
		D01AD8781FE68E7A00A33E5A /* Build configuration list for PBXNativeTarget "TableViewCellWithTappableLabelExample" */ = {
			isa = XCConfigurationList;
			buildConfigurations = (
				D01AD8791FE68E7A00A33E5A /* Debug */,
				D01AD87A1FE68E7A00A33E5A /* Release */,
			);
			defaultConfigurationIsVisible = 0;
			defaultConfigurationName = Release;
		};
/* End XCConfigurationList section */
	};
	rootObject = D01AD85E1FE68E7A00A33E5A /* Project object */;
}
